
Microsoft Visual Studio Solution File, Format Version 12.00
# Visual Studio Version 16
VisualStudioVersion = 16.0.30406.217
MinimumVisualStudioVersion = 10.0.40219.1
Project("{FAE04EC0-301F-11D3-BF4B-00C04F79EFBC}") = "PieShop", "PieShop\PieShop.csproj", "{6C9273AB-781A-4191-AE39-F74AAE4267EF}"
EndProject
Global
	GlobalSection(SolutionConfigurationPlatforms) = preSolution
		Debug|Any CPU = Debug|Any CPU
		Release|Any CPU = Release|Any CPU
	EndGlobalSection
	GlobalSection(ProjectConfigurationPlatforms) = postSolution
		{6C9273AB-781A-4191-AE39-F74AAE4267EF}.Debug|Any CPU.ActiveCfg = Debug|Any CPU
		{6C9273AB-781A-4191-AE39-F74AAE4267EF}.Debug|Any CPU.Build.0 = Debug|Any CPU
		{6C9273AB-781A-4191-AE39-F74AAE4267EF}.Release|Any CPU.ActiveCfg = Release|Any CPU
		{6C9273AB-781A-4191-AE39-F74AAE4267EF}.Release|Any CPU.Build.0 = Release|Any CPU
	EndGlobalSection
	GlobalSection(SolutionProperties) = preSolution
		HideSolutionNode = FALSE
	EndGlobalSection
	GlobalSection(ExtensibilityGlobals) = postSolution
		SolutionGuid = {6E0191AA-C76F-47E6-AC67-6227FEE5A872}
	EndGlobalSection
EndGlobal
